{
  "name": "bobba_furni_converter",
  "version": "1.0.0",
  "lockfileVersion": 1,
  "requires": true,
  "dependencies": {
    "@gizeta/swf-reader": {
      "version": "1.0.0",
      "resolved": "https://registry.npmjs.org/@gizeta/swf-reader/-/swf-reader-1.0.0.tgz",
      "integrity": "sha1-34Huyh7J7miWax2Tbd/iH5Hp3IM=",
      "requires": {
        "lzma-purejs": "~0.9.3"
      }
    },
    "amdefine": {
      "version": "0.1.1",
      "resolved": "https://registry.npmjs.org/amdefine/-/amdefine-0.1.1.tgz",
      "integrity": "sha1-tcdcUyBS3M1qOcAGTHcsjVegbNI="
    },
    "any-promise": {
      "version": "1.3.0",
      "resolved": "https://registry.npmjs.org/any-promise/-/any-promise-1.3.0.tgz",
      "integrity": "sha1-q8av7tzqUugJzcA3au0845Y10X8="
    },
    "bl": {
      "version": "0.9.5",
      "resolved": "https://registry.npmjs.org/bl/-/bl-0.9.5.tgz",
      "integrity": "sha1-wGt5evCF6gC8Unr8jvzxHeIjIFQ=",
      "requires": {
        "readable-stream": "~1.0.26"
      }
    },
    "buffer-crc32": {
      "version": "0.2.13",
      "resolved": "https://registry.npmjs.org/buffer-crc32/-/buffer-crc32-0.2.13.tgz",
      "integrity": "sha1-DTM+PwDqxQqhRUq9MO+MKl2ackI="
    },
    "buffer-equal": {
      "version": "0.0.1",
      "resolved": "https://registry.npmjs.org/buffer-equal/-/buffer-equal-0.0.1.tgz",
      "integrity": "sha1-kbx0sR6kBbyRa8aqkI+q+ltKrEs="
    },
    "commander": {
      "version": "2.0.0",
      "resolved": "https://registry.npmjs.org/commander/-/commander-2.0.0.tgz",
      "integrity": "sha1-0bhvkB+LZL2UG96tr5JFMDk76Sg="
    },
    "concat-frames": {
      "version": "1.0.3",
      "resolved": "https://registry.npmjs.org/concat-frames/-/concat-frames-1.0.3.tgz",
      "integrity": "sha1-z+moFvJce3WWPZn+8vSqBFj7+Zs=",
      "requires": {
        "pixel-stream": "^1.0.3"
      }
    },
    "core-util-is": {
      "version": "1.0.2",
      "resolved": "https://registry.npmjs.org/core-util-is/-/core-util-is-1.0.2.tgz",
      "integrity": "sha1-tf1UIgqivFq1eqtxQMlAdUUDwac="
    },
    "exif-reader": {
      "version": "1.0.2",
      "resolved": "https://registry.npmjs.org/exif-reader/-/exif-reader-1.0.2.tgz",
      "integrity": "sha1-AkCLl7YQKOpPReW4k6g2+aoorE8="
    },
    "inherits": {
      "version": "2.0.4",
      "resolved": "https://registry.npmjs.org/inherits/-/inherits-2.0.4.tgz",
      "integrity": "sha512-k/vGaX4/Yla3WzyMCvTQOXYeIHvqOKtnqBduzTHpzpQZzAskKMhZ2K+EnBiSM9zGSoIFeMpXKxa4dYeZIQqewQ=="
    },
    "isarray": {
      "version": "0.0.1",
      "resolved": "https://registry.npmjs.org/isarray/-/isarray-0.0.1.tgz",
      "integrity": "sha1-ihis/Kmo9Bd+Cav8YDiTmwXR7t8="
    },
    "jpg-stream": {
      "version": "1.1.2",
      "resolved": "https://registry.npmjs.org/jpg-stream/-/jpg-stream-1.1.2.tgz",
      "integrity": "sha1-TboVnZ0ZNo3yExj2SM7pgKcr5Ac=",
      "requires": {
        "exif-reader": "^1.0.0",
        "pixel-stream": "^1.0.3"
      }
    },
    "lodash": {
      "version": "4.17.15",
      "resolved": "https://registry.npmjs.org/lodash/-/lodash-4.17.15.tgz",
      "integrity": "sha512-8xOcRHvCjnocdS5cpwXQXVzmmh5e5+saE2QGoeQmbKmRS6J3VQppPOIt0MnmE+4xlZoumy0GPG0D0MVIQbNA1A=="
    },
    "lzma-purejs": {
      "version": "0.9.3",
      "resolved": "https://registry.npmjs.org/lzma-purejs/-/lzma-purejs-0.9.3.tgz",
      "integrity": "sha1-yJF+iUsbTbXIZbkn34ZO3edZzN4=",
      "requires": {
        "amdefine": "~0.1.0",
        "commander": "~2.0.0"
      }
    },
    "pixel-stream": {
      "version": "1.0.3",
      "resolved": "https://registry.npmjs.org/pixel-stream/-/pixel-stream-1.0.3.tgz",
      "integrity": "sha1-U+jFSyHVUIOTtTvLMrZKd1Xx+l4=",
      "requires": {
        "shallow-copy": "0.0.1"
      }
    },
    "png-stream": {
      "version": "1.0.5",
      "resolved": "https://registry.npmjs.org/png-stream/-/png-stream-1.0.5.tgz",
      "integrity": "sha1-W8cWh+qJWUJ+lQ5Sx8yknipvBMY=",
      "requires": {
        "bl": "^0.9.3",
        "buffer-crc32": "^0.2.3",
        "buffer-equal": "^0.0.1",
        "pixel-stream": "^1.0.3"
      }
    },
    "readable-stream": {
      "version": "1.0.34",
      "resolved": "https://registry.npmjs.org/readable-stream/-/readable-stream-1.0.34.tgz",
      "integrity": "sha1-Elgg40vIQtLyqq+v5MKRbuMsFXw=",
      "requires": {
        "core-util-is": "~1.0.0",
        "inherits": "~2.0.1",
        "isarray": "0.0.1",
        "string_decoder": "~0.10.x"
      }
    },
    "shallow-copy": {
      "version": "0.0.1",
      "resolved": "https://registry.npmjs.org/shallow-copy/-/shallow-copy-0.0.1.tgz",
      "integrity": "sha1-QV9CcC1z2BAzApLMXuhurhoRoXA="
    },
    "stream-to-array": {
      "version": "2.3.0",
      "resolved": "https://registry.npmjs.org/stream-to-array/-/stream-to-array-2.3.0.tgz",
      "integrity": "sha1-u/azn19D7DC8cbq8s3VXrOzzQ1M=",
      "requires": {
        "any-promise": "^1.1.0"
      }
    },
    "string_decoder": {
      "version": "0.10.31",
      "resolved": "https://registry.npmjs.org/string_decoder/-/string_decoder-0.10.31.tgz",
      "integrity": "sha1-YuIDvEF2bGwoyfyEMB2rHFMQ+pQ="
    },
    "swf-extract": {
      "version": "1.1.0",
      "resolved": "https://registry.npmjs.org/swf-extract/-/swf-extract-1.1.0.tgz",
      "integrity": "sha1-DS6Q01lKFu9ly8hfuEEiRhdz9t0=",
      "requires": {
        "concat-frames": "^1.0.3",
        "jpg-stream": "^1.1.1",
        "lzma-purejs": "~0.9.3",
        "png-stream": "^1.0.5",
        "stream-to-array": "^2.3.0"
      }
    }
  }
}
